
Microsoft Visual Studio Solution File, Format Version 12.00
# Visual Studio 15
VisualStudioVersion = 15.0.28307.168
MinimumVisualStudioVersion = 10.0.40219.1
Project("{FAE04EC0-301F-11D3-BF4B-00C04F79EFBC}") = "WebApp", "WebApp\WebApp.csproj", "{D3C7D3DA-D0ED-495B-8D2A-2972CEEEEEC3}"
EndProject
Global
	GlobalSection(SolutionConfigurationPlatforms) = preSolution
		Debug|Any CPU = Debug|Any CPU
		Release|Any CPU = Release|Any CPU
	EndGlobalSection
	GlobalSection(ProjectConfigurationPlatforms) = postSolution
		{D3C7D3DA-D0ED-495B-8D2A-2972CEEEEEC3}.Debug|Any CPU.ActiveCfg = Debug|Any CPU
		{D3C7D3DA-D0ED-495B-8D2A-2972CEEEEEC3}.Debug|Any CPU.Build.0 = Debug|Any CPU
		{D3C7D3DA-D0ED-495B-8D2A-2972CEEEEEC3}.Release|Any CPU.ActiveCfg = Release|Any CPU
		{D3C7D3DA-D0ED-495B-8D2A-2972CEEEEEC3}.Release|Any CPU.Build.0 = Release|Any CPU
	EndGlobalSection
	GlobalSection(SolutionProperties) = preSolution
		HideSolutionNode = FALSE
	EndGlobalSection
	GlobalSection(ExtensibilityGlobals) = postSolution
		SolutionGuid = {C0534CE3-17B0-4859-BAC7-E22D21298A71}
	EndGlobalSection
EndGlobal
